// !$*UTF8*$!
{
	archiveVersion = 1;
	classes = {
	};
	objectVersion = 46;
	objects = {

/* Begin PBXBuildFile section */
		5753FE531C7FCD670075CE3B /* SwipeControl.swift in Sources */ = {isa = PBXBuildFile; fileRef = 5753FE521C7FCD670075CE3B /* SwipeControl.swift */; };
		5753FE551C7FCE660075CE3B /* ToggleView.swift in Sources */ = {isa = PBXBuildFile; fileRef = 5753FE541C7FCE660075CE3B /* ToggleView.swift */; };
		57DC19211C7F78CA00A4BCE1 /* AppDelegate.swift in Sources */ = {isa = PBXBuildFile; fileRef = 57DC19201C7F78CA00A4BCE1 /* AppDelegate.swift */; };
		57DC19281C7F78CA00A4BCE1 /* Assets.xcassets in Resources */ = {isa = PBXBuildFile; fileRef = 57DC19271C7F78CA00A4BCE1 /* Assets.xcassets */; };
		57DC192B1C7F78CA00A4BCE1 /* LaunchScreen.storyboard in Resources */ = {isa = PBXBuildFile; fileRef = 57DC19291C7F78CA00A4BCE1 /* LaunchScreen.storyboard */; };
		57DC19331C7F791100A4BCE1 /* AuthenticateViewController.swift in Sources */ = {isa = PBXBuildFile; fileRef = 57DC19321C7F791100A4BCE1 /* AuthenticateViewController.swift */; };
		57DC19391C7F871E00A4BCE1 /* SwipeController.swift in Sources */ = {isa = PBXBuildFile; fileRef = 57DC19381C7F871E00A4BCE1 /* SwipeController.swift */; };
		57DC193D1C7F963300A4BCE1 /* ListViewController.swift in Sources */ = {isa = PBXBuildFile; fileRef = 57DC193C1C7F963300A4BCE1 /* ListViewController.swift */; };
		57DC193F1C7F9B6700A4BCE1 /* UserViewController.swift in Sources */ = {isa = PBXBuildFile; fileRef = 57DC193E1C7F9B6700A4BCE1 /* UserViewController.swift */; };
		57DC19411C7F9DAD00A4BCE1 /* ConverseViewController.swift in Sources */ = {isa = PBXBuildFile; fileRef = 57DC19401C7F9DAD00A4BCE1 /* ConverseViewController.swift */; };
		57DC19451C7FBE4300A4BCE1 /* AutoresizingScrollView.swift in Sources */ = {isa = PBXBuildFile; fileRef = 57DC19441C7FBE4300A4BCE1 /* AutoresizingScrollView.swift */; };
		57EC00FB1C809C9A00359824 /* CustomBackButton.swift in Sources */ = {isa = PBXBuildFile; fileRef = 57EC00FA1C809C9A00359824 /* CustomBackButton.swift */; };
/* End PBXBuildFile section */

/* Begin PBXFileReference section */
		5753FE521C7FCD670075CE3B /* SwipeControl.swift */ = {isa = PBXFileReference; fileEncoding = 4; lastKnownFileType = sourcecode.swift; path = SwipeControl.swift; sourceTree = "<group>"; };
		5753FE541C7FCE660075CE3B /* ToggleView.swift */ = {isa = PBXFileReference; fileEncoding = 4; lastKnownFileType = sourcecode.swift; path = ToggleView.swift; sourceTree = "<group>"; };
		57DC191D1C7F78CA00A4BCE1 /* Flow.app */ = {isa = PBXFileReference; explicitFileType = wrapper.application; includeInIndex = 0; path = Flow.app; sourceTree = BUILT_PRODUCTS_DIR; };
		57DC19201C7F78CA00A4BCE1 /* AppDelegate.swift */ = {isa = PBXFileReference; lastKnownFileType = sourcecode.swift; path = AppDelegate.swift; sourceTree = "<group>"; };
		57DC19271C7F78CA00A4BCE1 /* Assets.xcassets */ = {isa = PBXFileReference; lastKnownFileType = folder.assetcatalog; path = Assets.xcassets; sourceTree = "<group>"; };
		57DC192A1C7F78CA00A4BCE1 /* Base */ = {isa = PBXFileReference; lastKnownFileType = file.storyboard; name = Base; path = Base.lproj/LaunchScreen.storyboard; sourceTree = "<group>"; };
		57DC192C1C7F78CA00A4BCE1 /* Info.plist */ = {isa = PBXFileReference; lastKnownFileType = text.plist.xml; path = Info.plist; sourceTree = "<group>"; };
		57DC19321C7F791100A4BCE1 /* AuthenticateViewController.swift */ = {isa = PBXFileReference; fileEncoding = 4; lastKnownFileType = sourcecode.swift; path = AuthenticateViewController.swift; sourceTree = "<group>"; };
		57DC19381C7F871E00A4BCE1 /* SwipeController.swift */ = {isa = PBXFileReference; fileEncoding = 4; lastKnownFileType = sourcecode.swift; path = SwipeController.swift; sourceTree = "<group>"; };
		57DC193C1C7F963300A4BCE1 /* ListViewController.swift */ = {isa = PBXFileReference; fileEncoding = 4; lastKnownFileType = sourcecode.swift; path = ListViewController.swift; sourceTree = "<group>"; };
		57DC193E1C7F9B6700A4BCE1 /* UserViewController.swift */ = {isa = PBXFileReference; fileEncoding = 4; lastKnownFileType = sourcecode.swift; path = UserViewController.swift; sourceTree = "<group>"; };
		57DC19401C7F9DAD00A4BCE1 /* ConverseViewController.swift */ = {isa = PBXFileReference; fileEncoding = 4; lastKnownFileType = sourcecode.swift; path = ConverseViewController.swift; sourceTree = "<group>"; };
		57DC19441C7FBE4300A4BCE1 /* AutoresizingScrollView.swift */ = {isa = PBXFileReference; fileEncoding = 4; lastKnownFileType = sourcecode.swift; path = AutoresizingScrollView.swift; sourceTree = "<group>"; };
		57EC00FA1C809C9A00359824 /* CustomBackButton.swift */ = {isa = PBXFileReference; fileEncoding = 4; lastKnownFileType = sourcecode.swift; path = CustomBackButton.swift; sourceTree = "<group>"; };
/* End PBXFileReference section */

/* Begin PBXFrameworksBuildPhase section */
		57DC191A1C7F78CA00A4BCE1 /* Frameworks */ = {
			isa = PBXFrameworksBuildPhase;
			buildActionMask = 2147483647;
			files = (
			);
			runOnlyForDeploymentPostprocessing = 0;
		};
/* End PBXFrameworksBuildPhase section */

/* Begin PBXGroup section */
		57DC19141C7F78CA00A4BCE1 = {
			isa = PBXGroup;
			children = (
				57DC191F1C7F78CA00A4BCE1 /* Flow */,
				57DC191E1C7F78CA00A4BCE1 /* Products */,
			);
			sourceTree = "<group>";
		};
		57DC191E1C7F78CA00A4BCE1 /* Products */ = {
			isa = PBXGroup;
			children = (
				57DC191D1C7F78CA00A4BCE1 /* Flow.app */,
			);
			name = Products;
			sourceTree = "<group>";
		};
		57DC191F1C7F78CA00A4BCE1 /* Flow */ = {
			isa = PBXGroup;
			children = (
				57DC19201C7F78CA00A4BCE1 /* AppDelegate.swift */,
				57DC19271C7F78CA00A4BCE1 /* Assets.xcassets */,
				57DC19291C7F78CA00A4BCE1 /* LaunchScreen.storyboard */,
				57DC192C1C7F78CA00A4BCE1 /* Info.plist */,
				57DC19321C7F791100A4BCE1 /* AuthenticateViewController.swift */,
				57DC19381C7F871E00A4BCE1 /* SwipeController.swift */,
				57DC193C1C7F963300A4BCE1 /* ListViewController.swift */,
				57DC193E1C7F9B6700A4BCE1 /* UserViewController.swift */,
				57DC19401C7F9DAD00A4BCE1 /* ConverseViewController.swift */,
				57DC19441C7FBE4300A4BCE1 /* AutoresizingScrollView.swift */,
				5753FE521C7FCD670075CE3B /* SwipeControl.swift */,
				5753FE541C7FCE660075CE3B /* ToggleView.swift */,
				57EC00FA1C809C9A00359824 /* CustomBackButton.swift */,
			);
			path = Flow;
			sourceTree = "<group>";
		};
/* End PBXGroup section */

/* Begin PBXNativeTarget section */
		57DC191C1C7F78CA00A4BCE1 /* Flow */ = {
			isa = PBXNativeTarget;
			buildConfigurationList = 57DC192F1C7F78CA00A4BCE1 /* Build configuration list for PBXNativeTarget "Flow" */;
			buildPhases = (
				57DC19191C7F78CA00A4BCE1 /* Sources */,
				57DC191A1C7F78CA00A4BCE1 /* Frameworks */,
				57DC191B1C7F78CA00A4BCE1 /* Resources */,
			);
			buildRules = (
			);
			dependencies = (
			);
			name = Flow;
			productName = Flow;
			productReference = 57DC191D1C7F78CA00A4BCE1 /* Flow.app */;
			productType = "com.apple.product-type.application";
		};
/* End PBXNativeTarget section */

/* Begin PBXProject section */
		57DC19151C7F78CA00A4BCE1 /* Project object */ = {
			isa = PBXProject;
			attributes = {
				LastSwiftUpdateCheck = 0720;
				LastUpgradeCheck = 0720;
				ORGANIZATIONNAME = "Andrew Copp";
				TargetAttributes = {
					57DC191C1C7F78CA00A4BCE1 = {
						CreatedOnToolsVersion = 7.2.1;
					};
				};
			};
			buildConfigurationList = 57DC19181C7F78CA00A4BCE1 /* Build configuration list for PBXProject "Flow" */;
			compatibilityVersion = "Xcode 3.2";
			developmentRegion = English;
			hasScannedForEncodings = 0;
			knownRegions = (
				en,
				Base,
			);
			mainGroup = 57DC19141C7F78CA00A4BCE1;
			productRefGroup = 57DC191E1C7F78CA00A4BCE1 /* Products */;
			projectDirPath = "";
			projectRoot = "";
			targets = (
				57DC191C1C7F78CA00A4BCE1 /* Flow */,
			);
		};
/* End PBXProject section */

/* Begin PBXResourcesBuildPhase section */
		57DC191B1C7F78CA00A4BCE1 /* Resources */ = {
			isa = PBXResourcesBuildPhase;
			buildActionMask = 2147483647;
			files = (
				57DC192B1C7F78CA00A4BCE1 /* LaunchScreen.storyboard in Resources */,
				57DC19281C7F78CA00A4BCE1 /* Assets.xcassets in Resources */,
			);
			runOnlyForDeploymentPostprocessing = 0;
		};
/* End PBXResourcesBuildPhase section */

/* Begin PBXSourcesBuildPhase section */
		57DC19191C7F78CA00A4BCE1 /* Sources */ = {
			isa = PBXSourcesBuildPhase;
			buildActionMask = 2147483647;
			files = (
				57DC19411C7F9DAD00A4BCE1 /* ConverseViewController.swift in Sources */,
				57EC00FB1C809C9A00359824 /* CustomBackButton.swift in Sources */,
				57DC19331C7F791100A4BCE1 /* AuthenticateViewController.swift in Sources */,
				57DC193F1C7F9B6700A4BCE1 /* UserViewController.swift in Sources */,
				57DC19391C7F871E00A4BCE1 /* SwipeController.swift in Sources */,
				57DC193D1C7F963300A4BCE1 /* ListViewController.swift in Sources */,
				57DC19451C7FBE4300A4BCE1 /* AutoresizingScrollView.swift in Sources */,
				5753FE531C7FCD670075CE3B /* SwipeControl.swift in Sources */,
				5753FE551C7FCE660075CE3B /* ToggleView.swift in Sources */,
				57DC19211C7F78CA00A4BCE1 /* AppDelegate.swift in Sources */,
			);
			runOnlyForDeploymentPostprocessing = 0;
		};
/* End PBXSourcesBuildPhase section */

/* Begin PBXVariantGroup section */
		57DC19291C7F78CA00A4BCE1 /* LaunchScreen.storyboard */ = {
			isa = PBXVariantGroup;
			children = (
				57DC192A1C7F78CA00A4BCE1 /* Base */,
			);
			name = LaunchScreen.storyboard;
			sourceTree = "<group>";
		};
/* End PBXVariantGroup section */

/* Begin XCBuildConfiguration section */
		57DC192D1C7F78CA00A4BCE1 /* Debug */ = {
			isa = XCBuildConfiguration;
			buildSettings = {
				ALWAYS_SEARCH_USER_PATHS = NO;
				CLANG_CXX_LANGUAGE_STANDARD = "gnu++0x";
				CLANG_CXX_LIBRARY = "libc++";
				CLANG_ENABLE_MODULES = YES;
				CLANG_ENABLE_OBJC_ARC = YES;
				CLANG_WARN_BOOL_CONVERSION = YES;
				CLANG_WARN_CONSTANT_CONVERSION = YES;
				CLANG_WARN_DIRECT_OBJC_ISA_USAGE = YES_ERROR;
				CLANG_WARN_EMPTY_BODY = YES;
				CLANG_WARN_ENUM_CONVERSION = YES;
				CLANG_WARN_INT_CONVERSION = YES;
				CLANG_WARN_OBJC_ROOT_CLASS = YES_ERROR;
				CLANG_WARN_UNREACHABLE_CODE = YES;
				CLANG_WARN__DUPLICATE_METHOD_MATCH = YES;
				"CODE_SIGN_IDENTITY[sdk=iphoneos*]" = "iPhone Developer";
				COPY_PHASE_STRIP = NO;
				DEBUG_INFORMATION_FORMAT = dwarf;
				ENABLE_STRICT_OBJC_MSGSEND = YES;
				ENABLE_TESTABILITY = YES;
				GCC_C_LANGUAGE_STANDARD = gnu99;
				GCC_DYNAMIC_NO_PIC = NO;
				GCC_NO_COMMON_BLOCKS = YES;
				GCC_OPTIMIZATION_LEVEL = 0;
				GCC_PREPROCESSOR_DEFINITIONS = (
					"DEBUG=1",
					"$(inherited)",
				);
				GCC_WARN_64_TO_32_BIT_CONVERSION = YES;
				GCC_WARN_ABOUT_RETURN_TYPE = YES_ERROR;
				GCC_WARN_UNDECLARED_SELECTOR = YES;
				GCC_WARN_UNINITIALIZED_AUTOS = YES_AGGRESSIVE;
				GCC_WARN_UNUSED_FUNCTION = YES;
				GCC_WARN_UNUSED_VARIABLE = YES;
				IPHONEOS_DEPLOYMENT_TARGET = 9.2;
				MTL_ENABLE_DEBUG_INFO = YES;
				ONLY_ACTIVE_ARCH = YES;
				SDKROOT = iphoneos;
				SWIFT_OPTIMIZATION_LEVEL = "-Onone";
			};
			name = Debug;
		};
		57DC192E1C7F78CA00A4BCE1 /* Release */ = {
			isa = XCBuildConfiguration;
			buildSettings = {
				ALWAYS_SEARCH_USER_PATHS = NO;
				CLANG_CXX_LANGUAGE_STANDARD = "gnu++0x";
				CLANG_CXX_LIBRARY = "libc++";
				CLANG_ENABLE_MODULES = YES;
				CLANG_ENABLE_OBJC_ARC = YES;
				CLANG_WARN_BOOL_CONVERSION = YES;
				CLANG_WARN_CONSTANT_CONVERSION = YES;
				CLANG_WARN_DIRECT_OBJC_ISA_USAGE = YES_ERROR;
				CLANG_WARN_EMPTY_BODY = YES;
				CLANG_WARN_ENUM_CONVERSION = YES;
				CLANG_WARN_INT_CONVERSION = YES;
				CLANG_WARN_OBJC_ROOT_CLASS = YES_ERROR;
				CLANG_WARN_UNREACHABLE_CODE = YES;
				CLANG_WARN__DUPLICATE_METHOD_MATCH = YES;
				"CODE_SIGN_IDENTITY[sdk=iphoneos*]" = "iPhone Developer";
				COPY_PHASE_STRIP = NO;
				DEBUG_INFORMATION_FORMAT = "dwarf-with-dsym";
				ENABLE_NS_ASSERTIONS = NO;
				ENABLE_STRICT_OBJC_MSGSEND = YES;
				GCC_C_LANGUAGE_STANDARD = gnu99;
				GCC_NO_COMMON_BLOCKS = YES;
				GCC_WARN_64_TO_32_BIT_CONVERSION = YES;
				GCC_WARN_ABOUT_RETURN_TYPE = YES_ERROR;
				GCC_WARN_UNDECLARED_SELECTOR = YES;
				GCC_WARN_UNINITIALIZED_AUTOS = YES_AGGRESSIVE;
				GCC_WARN_UNUSED_FUNCTION = YES;
				GCC_WARN_UNUSED_VARIABLE = YES;
				IPHONEOS_DEPLOYMENT_TARGET = 9.2;
				MTL_ENABLE_DEBUG_INFO = NO;
				SDKROOT = iphoneos;
				VALIDATE_PRODUCT = YES;
			};
			name = Release;
		};
		57DC19301C7F78CA00A4BCE1 /* Debug */ = {
			isa = XCBuildConfiguration;
			buildSettings = {
				ASSETCATALOG_COMPILER_APPICON_NAME = AppIcon;
				INFOPLIST_FILE = Flow/Info.plist;
				LD_RUNPATH_SEARCH_PATHS = "$(inherited) @executable_path/Frameworks";
				PRODUCT_BUNDLE_IDENTIFIER = com.andrewcopp.Flow;
				PRODUCT_NAME = "$(TARGET_NAME)";
				TARGETED_DEVICE_FAMILY = 1;
			};
			name = Debug;
		};
		57DC19311C7F78CA00A4BCE1 /* Release */ = {
			isa = XCBuildConfiguration;
			buildSettings = {
				ASSETCATALOG_COMPILER_APPICON_NAME = AppIcon;
				INFOPLIST_FILE = Flow/Info.plist;
				LD_RUNPATH_SEARCH_PATHS = "$(inherited) @executable_path/Frameworks";
				PRODUCT_BUNDLE_IDENTIFIER = com.andrewcopp.Flow;
				PRODUCT_NAME = "$(TARGET_NAME)";
				TARGETED_DEVICE_FAMILY = 1;
			};
			name = Release;
		};
/* End XCBuildConfiguration section */

/* Begin XCConfigurationList section */
		57DC19181C7F78CA00A4BCE1 /* Build configuration list for PBXProject "Flow" */ = {
			isa = XCConfigurationList;
			buildConfigurations = (
				57DC192D1C7F78CA00A4BCE1 /* Debug */,
				57DC192E1C7F78CA00A4BCE1 /* Release */,
			);
			defaultConfigurationIsVisible = 0;
			defaultConfigurationName = Release;
		};
		57DC192F1C7F78CA00A4BCE1 /* Build configuration list for PBXNativeTarget "Flow" */ = {
			isa = XCConfigurationList;
			buildConfigurations = (
				57DC19301C7F78CA00A4BCE1 /* Debug */,
				57DC19311C7F78CA00A4BCE1 /* Release */,
			);
			defaultConfigurationIsVisible = 0;
			defaultConfigurationName = Release;
		};
/* End XCConfigurationList section */
	};
	rootObject = 57DC19151C7F78CA00A4BCE1 /* Project object */;
}
